version = 1
revision = 2
requires-python = ">=3.9"

[[package]]
name = "hexaservice"
version = "0.1.0"
source = { editable = "." }
dependencies = [
    { name = "paho-mqtt" },
    { name = "pillow" },
    { name = "pyserial" },
]

[package.metadata]
requires-dist = [
    { name = "paho-mqtt", specifier = "==1.6.1" },
    { name = "pillow", specifier = "==10.0.0" },
    { name = "pyserial", specifier = "==3.5" },
]

[[package]]
name = "paho-mqtt"
version = "1.6.1"
source = { registry = "https://pypi.org/simple" }
sdist = { url = "https://files.pythonhosted.org/packages/f8/dd/4b75dcba025f8647bc9862ac17299e0d7d12d3beadbf026d8c8d74215c12/paho-mqtt-1.6.1.tar.gz", hash = "sha256:2a8291c81623aec00372b5a85558a372c747cbca8e9934dfe218638b8eefc26f", size = 99373, upload-time = "2021-10-21T10:33:59.864Z" }

[[package]]
name = "pillow"
version = "10.0.0"
source = { registry = "https://pypi.org/simple" }
sdist = { url = "https://files.pythonhosted.org/packages/0f/8b/2ebaf9adcf4260c00f842154865f8730cf745906aa5dd499141fb6063e26/Pillow-10.0.0.tar.gz", hash = "sha256:9c82b5b3e043c7af0d95792d0d20ccf68f61a1fec6b3530e718b688422727396", size = 50527522, upload-time = "2023-07-01T14:59:45.775Z" }
wheels = [
    { url = "https://files.pythonhosted.org/packages/73/26/75fd7c1adc40bbdcbebc1adc120388d581e1d98a106257369a9bf8c44865/Pillow-10.0.0-cp310-cp310-macosx_10_10_x86_64.whl", hash = "sha256:1f62406a884ae75fb2f818694469519fb685cc7eaff05d3451a9ebe55c646891", size = 3398696, upload-time = "2023-07-01T14:56:18.752Z" },
    { url = "https://files.pythonhosted.org/packages/ef/53/024e161112beb11008d6c7529c954e2ec641ae17b99e03fe9a539e114ae6/Pillow-10.0.0-cp310-cp310-macosx_11_0_arm64.whl", hash = "sha256:d5db32e2a6ccbb3d34d87c87b432959e0db29755727afb37290e10f6e8e62614", size = 3111904, upload-time = "2023-07-01T14:56:22.474Z" },
    { url = "https://files.pythonhosted.org/packages/23/08/bbd0a562bafe23b4c36d25072c89b8c31815f350a169016ede2644784ed6/Pillow-10.0.0-cp310-cp310-manylinux_2_17_aarch64.manylinux2014_aarch64.whl", hash = "sha256:edf4392b77bdc81f36e92d3a07a5cd072f90253197f4a52a55a8cec48a12483b", size = 3117233, upload-time = "2023-07-01T14:56:25.743Z" },
    { url = "https://files.pythonhosted.org/packages/7b/c9/08de9a629ce7cdeaea0ddca716e9efcd1844b2650f5b9dd8ec5609e40ffe/Pillow-10.0.0-cp310-cp310-manylinux_2_17_x86_64.manylinux2014_x86_64.whl", hash = "sha256:520f2a520dc040512699f20fa1c363eed506e94248d71f85412b625026f6142c", size = 3314487, upload-time = "2023-07-01T14:56:30.023Z" },
    { url = "https://files.pythonhosted.org/packages/ac/0c/7eeab446ab3acfb1ef0150308b663fa6f886d02f1d0fe66e7f67ffd6a844/Pillow-10.0.0-cp310-cp310-manylinux_2_28_aarch64.whl", hash = "sha256:8c11160913e3dd06c8ffdb5f233a4f254cb449f4dfc0f8f4549eda9e542c93d1", size = 3169197, upload-time = "2023-07-01T14:56:33.394Z" },
    { url = "https://files.pythonhosted.org/packages/3d/36/e78f09d510354977e10102dd811e928666021d9c451e05df962d56477772/Pillow-10.0.0-cp310-cp310-manylinux_2_28_x86_64.whl", hash = "sha256:a74ba0c356aaa3bb8e3eb79606a87669e7ec6444be352870623025d75a14a2bf", size = 3421015, upload-time = "2023-07-01T14:56:36.863Z" },
    { url = "https://files.pythonhosted.org/packages/f8/31/4cb552d54380f1d55a7c24db1c6fb8bb2370f57fc2fe31e11c1eb5f7e499/Pillow-10.0.0-cp310-cp310-musllinux_1_1_aarch64.whl", hash = "sha256:d5d0dae4cfd56969d23d94dc8e89fb6a217be461c69090768227beb8ed28c0a3", size = 3355236, upload-time = "2023-07-01T14:56:40.218Z" },
    { url = "https://files.pythonhosted.org/packages/60/34/c90bacb4a72ead5c78e4d8291e0d3bb88cc3def3c76f059e9a8502fc421e/Pillow-10.0.0-cp310-cp310-musllinux_1_1_x86_64.whl", hash = "sha256:22c10cc517668d44b211717fd9775799ccec4124b9a7f7b3635fc5386e584992", size = 3420276, upload-time = "2023-07-01T14:56:43.692Z" },
    { url = "https://files.pythonhosted.org/packages/d0/4f/faebe1180e5e6ad6330c539dda7f6081182157393ba6816a438f759a0e59/Pillow-10.0.0-cp310-cp310-win_amd64.whl", hash = "sha256:dffe31a7f47b603318c609f378ebcd57f1554a3a6a8effbc59c3c69f804296de", size = 2513088, upload-time = "2023-07-01T14:56:46.764Z" },
    { url = "https://files.pythonhosted.org/packages/7a/54/f6a14d95cba8ff082c550d836c9e5c23f1641d2ac291c23efe0494219b8c/Pillow-10.0.0-cp311-cp311-macosx_10_10_x86_64.whl", hash = "sha256:9fb218c8a12e51d7ead2a7c9e101a04982237d4855716af2e9499306728fb485", size = 3398781, upload-time = "2023-07-01T14:56:50.146Z" },
    { url = "https://files.pythonhosted.org/packages/b7/ad/71982d18fd28ed1f93c31b8648f980ebdbdbcf7d8c9c9b4af59290914ce9/Pillow-10.0.0-cp311-cp311-macosx_11_0_arm64.whl", hash = "sha256:d35e3c8d9b1268cbf5d3670285feb3528f6680420eafe35cccc686b73c1e330f", size = 3111873, upload-time = "2023-07-01T14:56:53.587Z" },
    { url = "https://files.pythonhosted.org/packages/45/5c/04224bf1a8247d6bbba375248d74668724a5a9879b4c42c23dfadd0c28ae/Pillow-10.0.0-cp311-cp311-manylinux_2_17_aarch64.manylinux2014_aarch64.whl", hash = "sha256:3ed64f9ca2f0a95411e88a4efbd7a29e5ce2cea36072c53dd9d26d9c76f753b3", size = 3117246, upload-time = "2023-07-01T14:56:56.965Z" },
    { url = "https://files.pythonhosted.org/packages/45/de/b07418f00cd78af292ceb4e2855c158ef8477dc1cbcdac3e1f32eb4e53b6/Pillow-10.0.0-cp311-cp311-manylinux_2_17_x86_64.manylinux2014_x86_64.whl", hash = "sha256:0b6eb5502f45a60a3f411c63187db83a3d3107887ad0d036c13ce836f8a36f1d", size = 3314475, upload-time = "2023-07-01T14:57:00.759Z" },
    { url = "https://files.pythonhosted.org/packages/79/53/3a7277ae95bfe86b8b4db0ed1d08c4924aa2dfbfe51b8fe0e310b160a9c6/Pillow-10.0.0-cp311-cp311-manylinux_2_28_aarch64.whl", hash = "sha256:c1fbe7621c167ecaa38ad29643d77a9ce7311583761abf7836e1510c580bf3dd", size = 3169201, upload-time = "2023-07-01T14:57:04.048Z" },
    { url = "https://files.pythonhosted.org/packages/16/89/818fa238e37a47a29bb8495ca2cafdd514599a89f19ada7916348a74b5f9/Pillow-10.0.0-cp311-cp311-manylinux_2_28_x86_64.whl", hash = "sha256:cd25d2a9d2b36fcb318882481367956d2cf91329f6892fe5d385c346c0649629", size = 3421012, upload-time = "2023-07-01T14:57:08.122Z" },
    { url = "https://files.pythonhosted.org/packages/72/17/6c1e6b0f78d21838844318057b7a939ab8a8d92deeb51d22563202b2db64/Pillow-10.0.0-cp311-cp311-musllinux_1_1_aarch64.whl", hash = "sha256:3b08d4cc24f471b2c8ca24ec060abf4bebc6b144cb89cba638c720546b1cf538", size = 3355277, upload-time = "2023-07-01T14:57:11.512Z" },
    { url = "https://files.pythonhosted.org/packages/40/58/0a62422b3cf188dac72fe6c54b6f3f372ec2e84043eb4f8d2158626992b7/Pillow-10.0.0-cp311-cp311-musllinux_1_1_x86_64.whl", hash = "sha256:d737a602fbd82afd892ca746392401b634e278cb65d55c4b7a8f48e9ef8d008d", size = 3420294, upload-time = "2023-07-01T14:57:14.923Z" },
    { url = "https://files.pythonhosted.org/packages/66/d4/054e491f0880bf0119ee79cdc03264e01d5732e06c454da8c69b83a7c8f2/Pillow-10.0.0-cp311-cp311-win_amd64.whl", hash = "sha256:3a82c40d706d9aa9734289740ce26460a11aeec2d9c79b7af87bb35f0073c12f", size = 2513082, upload-time = "2023-07-01T14:57:17.644Z" },
    { url = "https://files.pythonhosted.org/packages/6a/33/c278084a811d7a7a17c8dd14cb261248fdd0265263760fb753a5a719241e/Pillow-10.0.0-cp311-cp311-win_arm64.whl", hash = "sha256:bc2ec7c7b5d66b8ec9ce9f720dbb5fa4bace0f545acd34870eff4a369b44bf37", size = 2501798, upload-time = "2023-07-08T21:48:46.81Z" },
    { url = "https://files.pythonhosted.org/packages/9c/e8/59271ada18cec229d4a79475a45a9e64367e54e5d1f488b030af63805960/Pillow-10.0.0-cp312-cp312-macosx_10_10_x86_64.whl", hash = "sha256:d80cf684b541685fccdd84c485b31ce73fc5c9b5d7523bf1394ce134a60c6883", size = 3398485, upload-time = "2023-07-01T14:57:20.946Z" },
    { url = "https://files.pythonhosted.org/packages/f0/7f/ff6ce4360dccfacc3af3462cfcd2d7481a1cc8d6aa712927072016dd6755/Pillow-10.0.0-cp312-cp312-macosx_11_0_arm64.whl", hash = "sha256:76de421f9c326da8f43d690110f0e79fe3ad1e54be811545d7d91898b4c8493e", size = 3111012, upload-time = "2023-07-01T14:57:24.146Z" },
    { url = "https://files.pythonhosted.org/packages/2e/a4/06f84d3fe7aa9558d2b80d8d4960fe07071a53e8d3ccac8b079905003048/Pillow-10.0.0-cp312-cp312-manylinux_2_17_aarch64.manylinux2014_aarch64.whl", hash = "sha256:81ff539a12457809666fef6624684c008e00ff6bf455b4b89fd00a140eecd640", size = 3117406, upload-time = "2023-07-01T14:57:27.165Z" },
    { url = "https://files.pythonhosted.org/packages/a8/7b/f8ed885d18096930991bbaac729024435e0343a3c81062811cf865205a79/Pillow-10.0.0-cp312-cp312-manylinux_2_17_x86_64.manylinux2014_x86_64.whl", hash = "sha256:ce543ed15570eedbb85df19b0a1a7314a9c8141a36ce089c0a894adbfccb4568", size = 3315095, upload-time = "2023-07-01T14:57:30.738Z" },
    { url = "https://files.pythonhosted.org/packages/54/2e/04bae205c5bf3ff7e58735b73a1d3943d0e33e0f7ca8637aa30a2acd06d0/Pillow-10.0.0-cp312-cp312-manylinux_2_28_aarch64.whl", hash = "sha256:685ac03cc4ed5ebc15ad5c23bc555d68a87777586d970c2c3e216619a5476223", size = 3169235, upload-time = "2023-07-01T14:57:34.295Z" },
    { url = "https://files.pythonhosted.org/packages/5f/82/39a266a0626d2c0dd4ee341639fe7749268fc871429b90006eeb1583f24b/Pillow-10.0.0-cp312-cp312-manylinux_2_28_x86_64.whl", hash = "sha256:d72e2ecc68a942e8cf9739619b7f408cc7b272b279b56b2c83c6123fcfa5cdff", size = 3421158, upload-time = "2023-07-01T14:57:37.802Z" },
    { url = "https://files.pythonhosted.org/packages/4d/61/eba2506ce68706ccb7d485cee968e35fa9ee797d77520760acf41a65f281/Pillow-10.0.0-cp312-cp312-musllinux_1_1_aarch64.whl", hash = "sha256:d50b6aec14bc737742ca96e85d6d0a5f9bfbded018264b3b70ff9d8c33485551", size = 3355694, upload-time = "2023-07-01T14:57:41.092Z" },
    { url = "https://files.pythonhosted.org/packages/0f/0b/0f37aac8432fb91e9f7eec96a29afb354f172e593d2d6d8201e544f49b55/Pillow-10.0.0-cp312-cp312-musllinux_1_1_x86_64.whl", hash = "sha256:00e65f5e822decd501e374b0650146063fbb30a7264b4d2744bdd7b913e0cab5", size = 3421380, upload-time = "2023-07-01T14:57:44.593Z" },
    { url = "https://files.pythonhosted.org/packages/e7/af/06fa67e8c8c4ead837f6a4025b6605f4cb8ec0fcbff1e4c697712fabf9f9/Pillow-10.0.0-cp312-cp312-win_amd64.whl", hash = "sha256:f31f9fdbfecb042d046f9d91270a0ba28368a723302786c0009ee9b9f1f60199", size = 2513485, upload-time = "2023-07-01T14:57:47.838Z" },
    { url = "https://files.pythonhosted.org/packages/83/c0/aaa4f7f9f0ed854d8b519739392ed17ee1aaaa352fd037646e97634a6bdb/Pillow-10.0.0-cp312-cp312-win_arm64.whl", hash = "sha256:1ce91b6ec08d866b14413d3f0bbdea7e24dfdc8e59f562bb77bc3fe60b6144ca", size = 2502324, upload-time = "2023-07-08T21:48:50.371Z" },
    { url = "https://files.pythonhosted.org/packages/ce/e1/861a5508b9fd82b39c05e4d49c0979a9c8ccab07dae39d0ce72bd5f2299d/Pillow-10.0.0-cp39-cp39-macosx_10_10_x86_64.whl", hash = "sha256:9211e7ad69d7c9401cfc0e23d49b69ca65ddd898976d660a2fa5904e3d7a9baa", size = 3398724, upload-time = "2023-07-01T14:58:22.995Z" },
    { url = "https://files.pythonhosted.org/packages/16/b5/b8e7419e1d746246bca06fd38eb988507b382f3fd2ee5dede2e4154022ad/Pillow-10.0.0-cp39-cp39-macosx_11_0_arm64.whl", hash = "sha256:faaf07ea35355b01a35cb442dd950d8f1bb5b040a7787791a535de13db15ed90", size = 3111979, upload-time = "2023-07-01T14:58:26.318Z" },
    { url = "https://files.pythonhosted.org/packages/90/d9/abb4c3a02034dc538fb7f6e382108738dcc09f54baf86fc158590f279ff7/Pillow-10.0.0-cp39-cp39-manylinux_2_17_aarch64.manylinux2014_aarch64.whl", hash = "sha256:c9f72a021fbb792ce98306ffb0c348b3c9cb967dce0f12a49aa4c3d3fdefa967", size = 3117282, upload-time = "2023-07-01T14:58:29.652Z" },
    { url = "https://files.pythonhosted.org/packages/eb/3a/023761d323f51b932ba8aa70bfe9c987f5fa094ffbaba9cd9295b8eee429/Pillow-10.0.0-cp39-cp39-manylinux_2_17_x86_64.manylinux2014_x86_64.whl", hash = "sha256:9f7c16705f44e0504a3a2a14197c1f0b32a95731d251777dcb060aa83022cb2d", size = 3314526, upload-time = "2023-07-01T14:58:33.286Z" },
    { url = "https://files.pythonhosted.org/packages/a7/55/a71924b9bfb0f5174fd61aca7f5bd4038ebb416addbe0338cefe1ae58c80/Pillow-10.0.0-cp39-cp39-manylinux_2_28_aarch64.whl", hash = "sha256:76edb0a1fa2b4745fb0c99fb9fb98f8b180a1bbceb8be49b087e0b21867e77d3", size = 3169184, upload-time = "2023-07-01T14:58:37.591Z" },
    { url = "https://files.pythonhosted.org/packages/50/e5/0d484d1ac71b934638f91b7156203ba5bf3eb12f596b616a68a85c123808/Pillow-10.0.0-cp39-cp39-manylinux_2_28_x86_64.whl", hash = "sha256:368ab3dfb5f49e312231b6f27b8820c823652b7cd29cfbd34090565a015e99ba", size = 3421011, upload-time = "2023-07-01T14:58:41.149Z" },
    { url = "https://files.pythonhosted.org/packages/12/56/f3d27a918d53c2f19583bb88e69750af445e7ee49bfab969275ffd06efc8/Pillow-10.0.0-cp39-cp39-musllinux_1_1_aarch64.whl", hash = "sha256:608bfdee0d57cf297d32bcbb3c728dc1da0907519d1784962c5f0c68bb93e5a3", size = 3355222, upload-time = "2023-07-01T14:58:44.61Z" },
    { url = "https://files.pythonhosted.org/packages/62/66/6b011b44193fe724f10949ae59ad6e045811f9fdc7ee994687eec44a54c5/Pillow-10.0.0-cp39-cp39-musllinux_1_1_x86_64.whl", hash = "sha256:5c6e3df6bdd396749bafd45314871b3d0af81ff935b2d188385e970052091017", size = 3420307, upload-time = "2023-07-01T14:58:48.097Z" },
    { url = "https://files.pythonhosted.org/packages/8f/b8/1bf1012eee3059d150194d1fab148f553f3df42cf412e4e6656c772afad9/Pillow-10.0.0-cp39-cp39-win_amd64.whl", hash = "sha256:7be600823e4c8631b74e4a0d38384c73f680e6105a7d3c6824fcf226c178c7e6", size = 2513063, upload-time = "2023-07-01T14:58:51.367Z" },
    { url = "https://files.pythonhosted.org/packages/78/b9/e5bc84e6ed714c7f0ec0dfe3f82c050c16126294e3d078fe155f10bd5971/Pillow-10.0.0-pp310-pypy310_pp73-macosx_10_10_x86_64.whl", hash = "sha256:92be919bbc9f7d09f7ae343c38f5bb21c973d2576c1d45600fce4b74bafa7ac0", size = 3353092, upload-time = "2023-07-01T14:58:55.2Z" },
    { url = "https://files.pythonhosted.org/packages/ef/0f/eea2ed37a53e816c8ed392a031468498687585c8d62ca89deeb687c0e89c/Pillow-10.0.0-pp310-pypy310_pp73-manylinux_2_17_x86_64.manylinux2014_x86_64.whl", hash = "sha256:8f8182b523b2289f7c415f589118228d30ac8c355baa2f3194ced084dac2dbba", size = 3228084, upload-time = "2023-07-01T14:58:58.599Z" },
    { url = "https://files.pythonhosted.org/packages/12/2e/7f20311309d03ccfefc3df6c00524d996d15a18319b46953ac8ee158b5a9/Pillow-10.0.0-pp310-pypy310_pp73-manylinux_2_28_x86_64.whl", hash = "sha256:38250a349b6b390ee6047a62c086d3817ac69022c127f8a5dc058c31ccef17f3", size = 3303031, upload-time = "2023-07-01T14:59:01.827Z" },
    { url = "https://files.pythonhosted.org/packages/a8/df/f52e3621148bb35d06c8f6a113ee949169388a2a3095550314fa6b6809f5/Pillow-10.0.0-pp310-pypy310_pp73-win_amd64.whl", hash = "sha256:88af2003543cc40c80f6fca01411892ec52b11021b3dc22ec3bc9d5afd1c5334", size = 2513263, upload-time = "2023-07-01T14:59:04.804Z" },
    { url = "https://files.pythonhosted.org/packages/ec/1c/b97c5fbd67c859ce734c335b8ae33ce5941775cfe33277c9f1f6fdaf00f0/Pillow-10.0.0-pp39-pypy39_pp73-macosx_10_10_x86_64.whl", hash = "sha256:c189af0545965fa8d3b9613cfdb0cd37f9d71349e0f7750e1fd704648d475ed2", size = 3352864, upload-time = "2023-07-01T14:59:08.206Z" },
    { url = "https://files.pythonhosted.org/packages/4b/d1/1e84a98368897cacb067c6df81d7100967e2f8178be9ff49f70d22102c1c/Pillow-10.0.0-pp39-pypy39_pp73-manylinux_2_17_x86_64.manylinux2014_x86_64.whl", hash = "sha256:ce7b031a6fc11365970e6a5686d7ba8c63e4c1cf1ea143811acbb524295eabed", size = 3228028, upload-time = "2023-07-01T14:59:11.563Z" },
    { url = "https://files.pythonhosted.org/packages/77/fc/8af4b17c4681eeba2d6890fbf8d6692af7e5a9b2d343f4d6e81053974dbb/Pillow-10.0.0-pp39-pypy39_pp73-manylinux_2_28_x86_64.whl", hash = "sha256:db24668940f82321e746773a4bc617bfac06ec831e5c88b643f91f122a785684", size = 3303040, upload-time = "2023-07-01T14:59:15.079Z" },
    { url = "https://files.pythonhosted.org/packages/2c/77/4d990996da3fafdf241f68752b2f267d131d181e0f8b72deb756798095fa/Pillow-10.0.0-pp39-pypy39_pp73-win_amd64.whl", hash = "sha256:efe8c0681042536e0d06c11f48cebe759707c9e9abf880ee213541c5b46c5bf3", size = 2513294, upload-time = "2023-07-01T14:59:17.938Z" },
]

[[package]]
name = "pyserial"
version = "3.5"
source = { registry = "https://pypi.org/simple" }
sdist = { url = "https://files.pythonhosted.org/packages/1e/7d/ae3f0a63f41e4d2f6cb66a5b57197850f919f59e558159a4dd3a818f5082/pyserial-3.5.tar.gz", hash = "sha256:3c77e014170dfffbd816e6ffc205e9842efb10be9f58ec16d3e8675b4925cddb", size = 159125, upload-time = "2020-11-23T03:59:15.045Z" }
wheels = [
    { url = "https://files.pythonhosted.org/packages/07/bc/587a445451b253b285629263eb51c2d8e9bcea4fc97826266d186f96f558/pyserial-3.5-py2.py3-none-any.whl", hash = "sha256:c4451db6ba391ca6ca299fb3ec7bae67a5c55dde170964c7a14ceefec02f2cf0", size = 90585, upload-time = "2020-11-23T03:59:13.41Z" },
]
